
Microsoft Visual Studio Solution File, Format Version 12.00
# Visual Studio Version 16
VisualStudioVersion = 16.0.30804.86
MinimumVisualStudioVersion = 10.0.40219.1
Project("{FAE04EC0-301F-11D3-BF4B-00C04F79EFBC}") = "LINQ_frekwencja_znakow", "LINQ_frekwencja_znakow\LINQ_frekwencja_znakow.csproj", "{615613CF-040B-4DF1-A218-3B6BA61C6311}"
EndProject
Global
	GlobalSection(SolutionConfigurationPlatforms) = preSolution
		Debug|Any CPU = Debug|Any CPU
		Release|Any CPU = Release|Any CPU
	EndGlobalSection
	GlobalSection(ProjectConfigurationPlatforms) = postSolution
		{615613CF-040B-4DF1-A218-3B6BA61C6311}.Debug|Any CPU.ActiveCfg = Debug|Any CPU
		{615613CF-040B-4DF1-A218-3B6BA61C6311}.Debug|Any CPU.Build.0 = Debug|Any CPU
		{615613CF-040B-4DF1-A218-3B6BA61C6311}.Release|Any CPU.ActiveCfg = Release|Any CPU
		{615613CF-040B-4DF1-A218-3B6BA61C6311}.Release|Any CPU.Build.0 = Release|Any CPU
	EndGlobalSection
	GlobalSection(SolutionProperties) = preSolution
		HideSolutionNode = FALSE
	EndGlobalSection
	GlobalSection(ExtensibilityGlobals) = postSolution
		SolutionGuid = {25120D8F-B193-458F-BDFF-1F83A72CDD2C}
	EndGlobalSection
EndGlobal
